
Microsoft Visual Studio Solution File, Format Version 12.00
# Visual Studio 14
VisualStudioVersion = 14.0.25420.1
MinimumVisualStudioVersion = 10.0.40219.1
Project("{FAE04EC0-301F-11D3-BF4B-00C04F79EFBC}") = "Blocker", "Blocker\Blocker.csproj", "{060F2AF5-D224-495D-BAB8-28269938430B}"
EndProject
Project("{FAE04EC0-301F-11D3-BF4B-00C04F79EFBC}") = "Blocker.Tests", "Blocker.Tests\Blocker.Tests.csproj", "{0B3C265F-18E9-430C-88CE-FFDD55F7A389}"
EndProject
Global
	GlobalSection(SolutionConfigurationPlatforms) = preSolution
		Debug|Any CPU = Debug|Any CPU
		Release|Any CPU = Release|Any CPU
	EndGlobalSection
	GlobalSection(ProjectConfigurationPlatforms) = postSolution
		{060F2AF5-D224-495D-BAB8-28269938430B}.Debug|Any CPU.ActiveCfg = Debug|Any CPU
		{060F2AF5-D224-495D-BAB8-28269938430B}.Debug|Any CPU.Build.0 = Debug|Any CPU
		{060F2AF5-D224-495D-BAB8-28269938430B}.Release|Any CPU.ActiveCfg = Release|Any CPU
		{060F2AF5-D224-495D-BAB8-28269938430B}.Release|Any CPU.Build.0 = Release|Any CPU
		{0B3C265F-18E9-430C-88CE-FFDD55F7A389}.Debug|Any CPU.ActiveCfg = Debug|Any CPU
		{0B3C265F-18E9-430C-88CE-FFDD55F7A389}.Debug|Any CPU.Build.0 = Debug|Any CPU
		{0B3C265F-18E9-430C-88CE-FFDD55F7A389}.Release|Any CPU.ActiveCfg = Release|Any CPU
		{0B3C265F-18E9-430C-88CE-FFDD55F7A389}.Release|Any CPU.Build.0 = Release|Any CPU
	EndGlobalSection
	GlobalSection(SolutionProperties) = preSolution
		HideSolutionNode = FALSE
	EndGlobalSection
EndGlobal
